
Microsoft Visual Studio Solution File, Format Version 12.00
# Visual Studio Version 17
VisualStudioVersion = 17.0.31903.59
MinimumVisualStudioVersion = 17.0.0.0
Project("{2150E333-8FDC-42A3-9474-1A3956D46DE8}") = "Common", "Common", "{D7C50C3D-0B8E-4412-AC1A-A6B92C792565}"
	ProjectSection(SolutionItems) = preProject
		..\.editorconfig = ..\.editorconfig
		..\.gitignore = ..\.gitignore
		..\appveyor.yml = ..\appveyor.yml
		..\build.cmd = ..\build.cmd
		..\build.ps1 = ..\build.ps1
		Directory.Build.props = Directory.Build.props
		..\LICENSE = ..\LICENSE
		Omnifactotum.ReleaseNotes.md = Omnifactotum.ReleaseNotes.md
		Omnifactotum.ReleaseNotes.UpTo-v0.6.0.md = Omnifactotum.ReleaseNotes.UpTo-v0.6.0.md
		Omnifactotum.runsettings = Omnifactotum.runsettings
		Omnifactotum.sln.DotSettings = Omnifactotum.sln.DotSettings
		Common\Omnifactotum.snk = Common\Omnifactotum.snk
		..\README.md = ..\README.md
    	..\README.NuGet.md = ..\README.NuGet.md
		Settings.StyleCop = Settings.StyleCop
		global.json = global.json
	EndProjectSection
EndProject
Project("{9A19103F-16F7-4668-BE54-9A1E7A4F7556}") = "Omnifactotum", "Omnifactotum\Omnifactotum.csproj", "{1054B8A0-40D7-4FBC-A658-9AC9179035F8}"
EndProject
Project("{9A19103F-16F7-4668-BE54-9A1E7A4F7556}") = "Omnifactotum.Tests", "Omnifactotum.Tests\Omnifactotum.Tests.csproj", "{05122CCE-3608-4CB5-A20B-CD31A0059BE7}"
EndProject
Global
	GlobalSection(SolutionConfigurationPlatforms) = preSolution
		Debug|Any CPU = Debug|Any CPU
		Release|Any CPU = Release|Any CPU
	EndGlobalSection
	GlobalSection(ProjectConfigurationPlatforms) = postSolution
		{1054B8A0-40D7-4FBC-A658-9AC9179035F8}.Debug|Any CPU.ActiveCfg = Debug|Any CPU
		{1054B8A0-40D7-4FBC-A658-9AC9179035F8}.Debug|Any CPU.Build.0 = Debug|Any CPU
		{1054B8A0-40D7-4FBC-A658-9AC9179035F8}.Release|Any CPU.ActiveCfg = Release|Any CPU
		{1054B8A0-40D7-4FBC-A658-9AC9179035F8}.Release|Any CPU.Build.0 = Release|Any CPU
		{05122CCE-3608-4CB5-A20B-CD31A0059BE7}.Debug|Any CPU.ActiveCfg = Debug|Any CPU
		{05122CCE-3608-4CB5-A20B-CD31A0059BE7}.Debug|Any CPU.Build.0 = Debug|Any CPU
		{05122CCE-3608-4CB5-A20B-CD31A0059BE7}.Release|Any CPU.ActiveCfg = Release|Any CPU
		{05122CCE-3608-4CB5-A20B-CD31A0059BE7}.Release|Any CPU.Build.0 = Release|Any CPU
	EndGlobalSection
	GlobalSection(SolutionProperties) = preSolution
		HideSolutionNode = FALSE
	EndGlobalSection
	GlobalSection(ExtensibilityGlobals) = postSolution
		SolutionGuid = {7A7FAD81-CE90-4495-AADB-D70E00F23EAD}
	EndGlobalSection
EndGlobal