
Microsoft Visual Studio Solution File, Format Version 11.00
# Visual Studio 2010
VisualStudioVersion = 10.0.40219.1
MinimumVisualStudioVersion = 10.0.40219.1
Project("{FAE04EC0-301F-11D3-BF4B-00C04F79EFBC}") = "Omnifactotum", "Omnifactotum\Omnifactotum.csproj", "{1054B8A0-40D7-4FBC-A658-9AC9179035F8}"
EndProject
Project("{FAE04EC0-301F-11D3-BF4B-00C04F79EFBC}") = "Omnifactotum.Tests", "Omnifactotum.Tests\Omnifactotum.Tests.csproj", "{A6A92B13-8AF3-453B-B6AA-137312AE0CCB}"
EndProject
Project("{2150E333-8FDC-42A3-9474-1A3956D46DE8}") = "SolutionItems", "SolutionItems", "{D7C50C3D-0B8E-4412-AC1A-A6B92C792565}"
	ProjectSection(SolutionItems) = preProject
		SolutionItems\BaseVersion.txt = SolutionItems\BaseVersion.txt
		SolutionItems\hg.cmd = SolutionItems\hg.cmd
		SolutionItems\Omnifactotum.snk = SolutionItems\Omnifactotum.snk
		Settings.StyleCop = Settings.StyleCop
		SolutionItems\sign.cmd = SolutionItems\sign.cmd
	EndProjectSection
EndProject
Project("{FAE04EC0-301F-11D3-BF4B-00C04F79EFBC}") = "Omnifactotum.NUnit", "Omnifactotum.NUnit\Omnifactotum.NUnit.csproj", "{6D235396-E672-405D-824B-D91CE8C8EC99}"
EndProject
Global
	GlobalSection(SolutionConfigurationPlatforms) = preSolution
		Debug|Any CPU = Debug|Any CPU
		Release|Any CPU = Release|Any CPU
	EndGlobalSection
	GlobalSection(ProjectConfigurationPlatforms) = postSolution
		{1054B8A0-40D7-4FBC-A658-9AC9179035F8}.Debug|Any CPU.ActiveCfg = Debug|Any CPU
		{1054B8A0-40D7-4FBC-A658-9AC9179035F8}.Debug|Any CPU.Build.0 = Debug|Any CPU
		{1054B8A0-40D7-4FBC-A658-9AC9179035F8}.Release|Any CPU.ActiveCfg = Release|Any CPU
		{1054B8A0-40D7-4FBC-A658-9AC9179035F8}.Release|Any CPU.Build.0 = Release|Any CPU
		{A6A92B13-8AF3-453B-B6AA-137312AE0CCB}.Debug|Any CPU.ActiveCfg = Debug|Any CPU
		{A6A92B13-8AF3-453B-B6AA-137312AE0CCB}.Debug|Any CPU.Build.0 = Debug|Any CPU
		{A6A92B13-8AF3-453B-B6AA-137312AE0CCB}.Release|Any CPU.ActiveCfg = Release|Any CPU
		{A6A92B13-8AF3-453B-B6AA-137312AE0CCB}.Release|Any CPU.Build.0 = Release|Any CPU
		{6D235396-E672-405D-824B-D91CE8C8EC99}.Debug|Any CPU.ActiveCfg = Debug|Any CPU
		{6D235396-E672-405D-824B-D91CE8C8EC99}.Debug|Any CPU.Build.0 = Debug|Any CPU
		{6D235396-E672-405D-824B-D91CE8C8EC99}.Release|Any CPU.ActiveCfg = Release|Any CPU
		{6D235396-E672-405D-824B-D91CE8C8EC99}.Release|Any CPU.Build.0 = Release|Any CPU
	EndGlobalSection
	GlobalSection(SolutionProperties) = preSolution
		HideSolutionNode = FALSE
	EndGlobalSection
EndGlobal
